
Microsoft Visual Studio Solution File, Format Version 12.00
# Visual Studio Version 17
VisualStudioVersion = 17.0.31903.59
MinimumVisualStudioVersion = 10.0.40219.1
Project("{2150E333-8FDC-42A3-9474-1A3956D46DE8}") = "src", "src", "{A1ECE0D4-5010-4592-B55B-1F19FCDAC0AC}"
EndProject
Project("{FAE04EC0-301F-11D3-BF4B-00C04F79EFBC}") = "LatexTool", "src\LatexTool\LatexTool.csproj", "{93FE7B6E-B074-4398-B0D7-06DD5F8466BD}"
EndProject
Project("{FAE04EC0-301F-11D3-BF4B-00C04F79EFBC}") = "LatexTool.Lib", "src\LatexTool.Lib\LatexTool.Lib.csproj", "{FCD89433-8A46-4DF9-86CC-1E7A62AB327C}"
EndProject
Project("{2150E333-8FDC-42A3-9474-1A3956D46DE8}") = "templates", "templates", "{31AAAB53-2882-4624-8722-97CF92A01CB9}"
EndProject
Project("{FAE04EC0-301F-11D3-BF4B-00C04F79EFBC}") = "LatexTool.Template.LabWork", "src\templates\LatexTool.Template.LabWork\LatexTool.Template.LabWork.csproj", "{88E3B27C-87BC-4663-80F4-CB53BAD6E7BB}"
EndProject
Project("{FAE04EC0-301F-11D3-BF4B-00C04F79EFBC}") = "LatexTool.TestCommand", "src\LatexTool.TestCommand\LatexTool.TestCommand.csproj", "{534E3A74-3F36-4F55-B6AA-DF47B1E2C0BE}"
EndProject
Global
	GlobalSection(SolutionConfigurationPlatforms) = preSolution
		Debug|Any CPU = Debug|Any CPU
		Release|Any CPU = Release|Any CPU
	EndGlobalSection
	GlobalSection(SolutionProperties) = preSolution
		HideSolutionNode = FALSE
	EndGlobalSection
	GlobalSection(ProjectConfigurationPlatforms) = postSolution
		{93FE7B6E-B074-4398-B0D7-06DD5F8466BD}.Debug|Any CPU.ActiveCfg = Debug|Any CPU
		{93FE7B6E-B074-4398-B0D7-06DD5F8466BD}.Debug|Any CPU.Build.0 = Debug|Any CPU
		{93FE7B6E-B074-4398-B0D7-06DD5F8466BD}.Release|Any CPU.ActiveCfg = Release|Any CPU
		{93FE7B6E-B074-4398-B0D7-06DD5F8466BD}.Release|Any CPU.Build.0 = Release|Any CPU
		{FCD89433-8A46-4DF9-86CC-1E7A62AB327C}.Debug|Any CPU.ActiveCfg = Debug|Any CPU
		{FCD89433-8A46-4DF9-86CC-1E7A62AB327C}.Debug|Any CPU.Build.0 = Debug|Any CPU
		{FCD89433-8A46-4DF9-86CC-1E7A62AB327C}.Release|Any CPU.ActiveCfg = Release|Any CPU
		{FCD89433-8A46-4DF9-86CC-1E7A62AB327C}.Release|Any CPU.Build.0 = Release|Any CPU
		{88E3B27C-87BC-4663-80F4-CB53BAD6E7BB}.Debug|Any CPU.ActiveCfg = Debug|Any CPU
		{88E3B27C-87BC-4663-80F4-CB53BAD6E7BB}.Debug|Any CPU.Build.0 = Debug|Any CPU
		{88E3B27C-87BC-4663-80F4-CB53BAD6E7BB}.Release|Any CPU.ActiveCfg = Release|Any CPU
		{88E3B27C-87BC-4663-80F4-CB53BAD6E7BB}.Release|Any CPU.Build.0 = Release|Any CPU
		{534E3A74-3F36-4F55-B6AA-DF47B1E2C0BE}.Debug|Any CPU.ActiveCfg = Debug|Any CPU
		{534E3A74-3F36-4F55-B6AA-DF47B1E2C0BE}.Debug|Any CPU.Build.0 = Debug|Any CPU
		{534E3A74-3F36-4F55-B6AA-DF47B1E2C0BE}.Release|Any CPU.ActiveCfg = Release|Any CPU
		{534E3A74-3F36-4F55-B6AA-DF47B1E2C0BE}.Release|Any CPU.Build.0 = Release|Any CPU
	EndGlobalSection
	GlobalSection(NestedProjects) = preSolution
		{93FE7B6E-B074-4398-B0D7-06DD5F8466BD} = {A1ECE0D4-5010-4592-B55B-1F19FCDAC0AC}
		{FCD89433-8A46-4DF9-86CC-1E7A62AB327C} = {A1ECE0D4-5010-4592-B55B-1F19FCDAC0AC}
		{31AAAB53-2882-4624-8722-97CF92A01CB9} = {A1ECE0D4-5010-4592-B55B-1F19FCDAC0AC}
		{88E3B27C-87BC-4663-80F4-CB53BAD6E7BB} = {31AAAB53-2882-4624-8722-97CF92A01CB9}
		{534E3A74-3F36-4F55-B6AA-DF47B1E2C0BE} = {A1ECE0D4-5010-4592-B55B-1F19FCDAC0AC}
	EndGlobalSection
EndGlobal
